
Microsoft Visual Studio Solution File, Format Version 12.00
# Visual Studio Version 16
VisualStudioVersion = 16.0.29326.143
MinimumVisualStudioVersion = 10.0.40219.1
Project("{FAE04EC0-301F-11D3-BF4B-00C04F79EFBC}") = "ML lab 4", "ML lab 4.csproj", "{5A756E1E-8C13-42F7-9107-215F822204BA}"
EndProject
Global
	GlobalSection(SolutionConfigurationPlatforms) = preSolution
		Debug|Any CPU = Debug|Any CPU
		Release|Any CPU = Release|Any CPU
	EndGlobalSection
	GlobalSection(ProjectConfigurationPlatforms) = postSolution
		{5A756E1E-8C13-42F7-9107-215F822204BA}.Debug|Any CPU.ActiveCfg = Debug|Any CPU
		{5A756E1E-8C13-42F7-9107-215F822204BA}.Debug|Any CPU.Build.0 = Debug|Any CPU
		{5A756E1E-8C13-42F7-9107-215F822204BA}.Release|Any CPU.ActiveCfg = Release|Any CPU
		{5A756E1E-8C13-42F7-9107-215F822204BA}.Release|Any CPU.Build.0 = Release|Any CPU
	EndGlobalSection
	GlobalSection(SolutionProperties) = preSolution
		HideSolutionNode = FALSE
	EndGlobalSection
	GlobalSection(ExtensibilityGlobals) = postSolution
		SolutionGuid = {B8F1A515-EDD7-4F1D-8EFB-62964D7C8633}
	EndGlobalSection
EndGlobal
