
Microsoft Visual Studio Solution File, Format Version 12.00
# Visual Studio Version 16
VisualStudioVersion = 16.0.29326.143
MinimumVisualStudioVersion = 10.0.40219.1
Project("{FAE04EC0-301F-11D3-BF4B-00C04F79EFBC}") = "Lab2", "Lab2\Lab2.csproj", "{46889DFD-A85D-496E-BF8D-5180702F065A}"
EndProject
Project("{FAE04EC0-301F-11D3-BF4B-00C04F79EFBC}") = "Task2", "Task2\Task2.csproj", "{4300CF30-55AC-4DDD-ADF6-F94B8A5EB8B4}"
EndProject
Project("{FAE04EC0-301F-11D3-BF4B-00C04F79EFBC}") = "Past", "Past\Past.csproj", "{40ABD1D6-C1CE-4A0A-88F2-88BD99A86F6B}"
EndProject
Global
	GlobalSection(SolutionConfigurationPlatforms) = preSolution
		Debug|Any CPU = Debug|Any CPU
		Release|Any CPU = Release|Any CPU
	EndGlobalSection
	GlobalSection(ProjectConfigurationPlatforms) = postSolution
		{46889DFD-A85D-496E-BF8D-5180702F065A}.Debug|Any CPU.ActiveCfg = Debug|Any CPU
		{46889DFD-A85D-496E-BF8D-5180702F065A}.Debug|Any CPU.Build.0 = Debug|Any CPU
		{46889DFD-A85D-496E-BF8D-5180702F065A}.Release|Any CPU.ActiveCfg = Release|Any CPU
		{46889DFD-A85D-496E-BF8D-5180702F065A}.Release|Any CPU.Build.0 = Release|Any CPU
		{4300CF30-55AC-4DDD-ADF6-F94B8A5EB8B4}.Debug|Any CPU.ActiveCfg = Debug|Any CPU
		{4300CF30-55AC-4DDD-ADF6-F94B8A5EB8B4}.Debug|Any CPU.Build.0 = Debug|Any CPU
		{4300CF30-55AC-4DDD-ADF6-F94B8A5EB8B4}.Release|Any CPU.ActiveCfg = Release|Any CPU
		{4300CF30-55AC-4DDD-ADF6-F94B8A5EB8B4}.Release|Any CPU.Build.0 = Release|Any CPU
		{40ABD1D6-C1CE-4A0A-88F2-88BD99A86F6B}.Debug|Any CPU.ActiveCfg = Debug|Any CPU
		{40ABD1D6-C1CE-4A0A-88F2-88BD99A86F6B}.Debug|Any CPU.Build.0 = Debug|Any CPU
		{40ABD1D6-C1CE-4A0A-88F2-88BD99A86F6B}.Release|Any CPU.ActiveCfg = Release|Any CPU
		{40ABD1D6-C1CE-4A0A-88F2-88BD99A86F6B}.Release|Any CPU.Build.0 = Release|Any CPU
	EndGlobalSection
	GlobalSection(SolutionProperties) = preSolution
		HideSolutionNode = FALSE
	EndGlobalSection
	GlobalSection(ExtensibilityGlobals) = postSolution
		SolutionGuid = {0695D3A9-D565-40FB-BA0F-1D9061E76A53}
	EndGlobalSection
EndGlobal
