
Microsoft Visual Studio Solution File, Format Version 12.00
# Visual Studio Version 16
VisualStudioVersion = 16.0.29326.143
MinimumVisualStudioVersion = 10.0.40219.1
Project("{8BC9CEB8-8B4A-11D0-8D11-00A0C91BC942}") = "1 lab", "1 lab\1 lab.vcxproj", "{FFCB4B68-1108-47FA-8F32-591157F803D9}"
EndProject
Project("{8BC9CEB8-8B4A-11D0-8D11-00A0C91BC942}") = "Task 2", "Task 2\Task 2.vcxproj", "{6A1AF0AA-1F70-4CA3-B9D2-D02C0C1FBA16}"
EndProject
Global
	GlobalSection(SolutionConfigurationPlatforms) = preSolution
		Debug|x64 = Debug|x64
		Debug|x86 = Debug|x86
		Release|x64 = Release|x64
		Release|x86 = Release|x86
	EndGlobalSection
	GlobalSection(ProjectConfigurationPlatforms) = postSolution
		{FFCB4B68-1108-47FA-8F32-591157F803D9}.Debug|x64.ActiveCfg = Debug|x64
		{FFCB4B68-1108-47FA-8F32-591157F803D9}.Debug|x64.Build.0 = Debug|x64
		{FFCB4B68-1108-47FA-8F32-591157F803D9}.Debug|x86.ActiveCfg = Debug|Win32
		{FFCB4B68-1108-47FA-8F32-591157F803D9}.Debug|x86.Build.0 = Debug|Win32
		{FFCB4B68-1108-47FA-8F32-591157F803D9}.Release|x64.ActiveCfg = Release|x64
		{FFCB4B68-1108-47FA-8F32-591157F803D9}.Release|x64.Build.0 = Release|x64
		{FFCB4B68-1108-47FA-8F32-591157F803D9}.Release|x86.ActiveCfg = Release|Win32
		{FFCB4B68-1108-47FA-8F32-591157F803D9}.Release|x86.Build.0 = Release|Win32
		{6A1AF0AA-1F70-4CA3-B9D2-D02C0C1FBA16}.Debug|x64.ActiveCfg = Debug|x64
		{6A1AF0AA-1F70-4CA3-B9D2-D02C0C1FBA16}.Debug|x64.Build.0 = Debug|x64
		{6A1AF0AA-1F70-4CA3-B9D2-D02C0C1FBA16}.Debug|x86.ActiveCfg = Debug|Win32
		{6A1AF0AA-1F70-4CA3-B9D2-D02C0C1FBA16}.Debug|x86.Build.0 = Debug|Win32
		{6A1AF0AA-1F70-4CA3-B9D2-D02C0C1FBA16}.Release|x64.ActiveCfg = Release|x64
		{6A1AF0AA-1F70-4CA3-B9D2-D02C0C1FBA16}.Release|x64.Build.0 = Release|x64
		{6A1AF0AA-1F70-4CA3-B9D2-D02C0C1FBA16}.Release|x86.ActiveCfg = Release|Win32
		{6A1AF0AA-1F70-4CA3-B9D2-D02C0C1FBA16}.Release|x86.Build.0 = Release|Win32
	EndGlobalSection
	GlobalSection(SolutionProperties) = preSolution
		HideSolutionNode = FALSE
	EndGlobalSection
	GlobalSection(ExtensibilityGlobals) = postSolution
		SolutionGuid = {8EA41DE9-FB70-4120-9F76-01D0B640F90A}
	EndGlobalSection
EndGlobal
